
Microsoft Visual Studio Solution File, Format Version 12.00
# Visual Studio Version 17
VisualStudioVersion = 17.0.31903.59
MinimumVisualStudioVersion = 10.0.40219.1
Project("{FAE04EC0-301F-11D3-BF4B-00C04F79EFBC}") = "GeoVibes.API", "GeoVibes.API\GeoVibes.API.csproj", "{3FC90001-DC53-4900-A27A-2E29E57D4989}"
EndProject
Project("{FAE04EC0-301F-11D3-BF4B-00C04F79EFBC}") = "GeoVibes.Core", "GeoVibes.Core\GeoVibes.Core.csproj", "{4F79CA89-C0D7-4C3E-817D-1160F2997468}"
EndProject
Project("{FAE04EC0-301F-11D3-BF4B-00C04F79EFBC}") = "GeoVibes.Infrastructure", "GeoVibes.Infrastructure\GeoVibes.Infrastructure.csproj", "{97C8BE82-5CE7-4723-AF9C-962F6D203870}"
EndProject
Global
	GlobalSection(SolutionConfigurationPlatforms) = preSolution
		Debug|Any CPU = Debug|Any CPU
		Release|Any CPU = Release|Any CPU
	EndGlobalSection
	GlobalSection(SolutionProperties) = preSolution
		HideSolutionNode = FALSE
	EndGlobalSection
	GlobalSection(ProjectConfigurationPlatforms) = postSolution
		{3FC90001-DC53-4900-A27A-2E29E57D4989}.Debug|Any CPU.ActiveCfg = Debug|Any CPU
		{3FC90001-DC53-4900-A27A-2E29E57D4989}.Debug|Any CPU.Build.0 = Debug|Any CPU
		{3FC90001-DC53-4900-A27A-2E29E57D4989}.Release|Any CPU.ActiveCfg = Release|Any CPU
		{3FC90001-DC53-4900-A27A-2E29E57D4989}.Release|Any CPU.Build.0 = Release|Any CPU
		{4F79CA89-C0D7-4C3E-817D-1160F2997468}.Debug|Any CPU.ActiveCfg = Debug|Any CPU
		{4F79CA89-C0D7-4C3E-817D-1160F2997468}.Debug|Any CPU.Build.0 = Debug|Any CPU
		{4F79CA89-C0D7-4C3E-817D-1160F2997468}.Release|Any CPU.ActiveCfg = Release|Any CPU
		{4F79CA89-C0D7-4C3E-817D-1160F2997468}.Release|Any CPU.Build.0 = Release|Any CPU
		{97C8BE82-5CE7-4723-AF9C-962F6D203870}.Debug|Any CPU.ActiveCfg = Debug|Any CPU
		{97C8BE82-5CE7-4723-AF9C-962F6D203870}.Debug|Any CPU.Build.0 = Debug|Any CPU
		{97C8BE82-5CE7-4723-AF9C-962F6D203870}.Release|Any CPU.ActiveCfg = Release|Any CPU
		{97C8BE82-5CE7-4723-AF9C-962F6D203870}.Release|Any CPU.Build.0 = Release|Any CPU
	EndGlobalSection
EndGlobal
